
Microsoft Visual Studio Solution File, Format Version 12.00
# Visual Studio Version 17
VisualStudioVersion = 17.9.34701.34
MinimumVisualStudioVersion = 10.0.40219.1
Project("{9A19103F-16F7-4668-BE54-9A1E7A4F7556}") = "VirtualStore.API", "VirtualStore.API\VirtualStore.API.csproj", "{C33ACAA2-DF76-4699-9964-FD9791A0BD30}"
EndProject
Project("{9A19103F-16F7-4668-BE54-9A1E7A4F7556}") = "VirtualStore.Application", "VirtualStore.Application\VirtualStore.Application.csproj", "{2F99195E-AF79-48EF-8C9C-D217C10F9695}"
EndProject
Project("{9A19103F-16F7-4668-BE54-9A1E7A4F7556}") = "VirtualStore.Domain", "VirtualStore.Domain\VirtualStore.Domain.csproj", "{A097FEDD-FC97-4F49-8BB4-495271B2EDDD}"
EndProject
Project("{9A19103F-16F7-4668-BE54-9A1E7A4F7556}") = "VirtualStore.Infrastructure", "VirtualStore.Infrastructure\VirtualStore.Infrastructure.csproj", "{04B5A9FB-E5D1-4FF1-BF05-068C66F4B71B}"
EndProject
Project("{9A19103F-16F7-4668-BE54-9A1E7A4F7556}") = "VirtualStore.Tests", "TestProject1\VirtualStore.Tests.csproj", "{D47D4B56-32E1-430C-B5A4-421A505F915E}"
EndProject
Project("{FAE04EC0-301F-11D3-BF4B-00C04F79EFBC}") = "VirtualStore.IntegrationTests", "VirtualStore.IntegrationTests\VirtualStore.IntegrationTests.csproj", "{8258DDCC-69CD-47B0-AEC2-13294DD61AD9}"
EndProject
Global
	GlobalSection(SolutionConfigurationPlatforms) = preSolution
		Debug|Any CPU = Debug|Any CPU
		Release|Any CPU = Release|Any CPU
	EndGlobalSection
	GlobalSection(ProjectConfigurationPlatforms) = postSolution
		{C33ACAA2-DF76-4699-9964-FD9791A0BD30}.Debug|Any CPU.ActiveCfg = Debug|Any CPU
		{C33ACAA2-DF76-4699-9964-FD9791A0BD30}.Debug|Any CPU.Build.0 = Debug|Any CPU
		{C33ACAA2-DF76-4699-9964-FD9791A0BD30}.Release|Any CPU.ActiveCfg = Release|Any CPU
		{C33ACAA2-DF76-4699-9964-FD9791A0BD30}.Release|Any CPU.Build.0 = Release|Any CPU
		{2F99195E-AF79-48EF-8C9C-D217C10F9695}.Debug|Any CPU.ActiveCfg = Debug|Any CPU
		{2F99195E-AF79-48EF-8C9C-D217C10F9695}.Debug|Any CPU.Build.0 = Debug|Any CPU
		{2F99195E-AF79-48EF-8C9C-D217C10F9695}.Release|Any CPU.ActiveCfg = Release|Any CPU
		{2F99195E-AF79-48EF-8C9C-D217C10F9695}.Release|Any CPU.Build.0 = Release|Any CPU
		{A097FEDD-FC97-4F49-8BB4-495271B2EDDD}.Debug|Any CPU.ActiveCfg = Debug|Any CPU
		{A097FEDD-FC97-4F49-8BB4-495271B2EDDD}.Debug|Any CPU.Build.0 = Debug|Any CPU
		{A097FEDD-FC97-4F49-8BB4-495271B2EDDD}.Release|Any CPU.ActiveCfg = Release|Any CPU
		{A097FEDD-FC97-4F49-8BB4-495271B2EDDD}.Release|Any CPU.Build.0 = Release|Any CPU
		{04B5A9FB-E5D1-4FF1-BF05-068C66F4B71B}.Debug|Any CPU.ActiveCfg = Debug|Any CPU
		{04B5A9FB-E5D1-4FF1-BF05-068C66F4B71B}.Debug|Any CPU.Build.0 = Debug|Any CPU
		{04B5A9FB-E5D1-4FF1-BF05-068C66F4B71B}.Release|Any CPU.ActiveCfg = Release|Any CPU
		{04B5A9FB-E5D1-4FF1-BF05-068C66F4B71B}.Release|Any CPU.Build.0 = Release|Any CPU
		{D47D4B56-32E1-430C-B5A4-421A505F915E}.Debug|Any CPU.ActiveCfg = Debug|Any CPU
		{D47D4B56-32E1-430C-B5A4-421A505F915E}.Debug|Any CPU.Build.0 = Debug|Any CPU
		{D47D4B56-32E1-430C-B5A4-421A505F915E}.Release|Any CPU.ActiveCfg = Release|Any CPU
		{D47D4B56-32E1-430C-B5A4-421A505F915E}.Release|Any CPU.Build.0 = Release|Any CPU
		{8258DDCC-69CD-47B0-AEC2-13294DD61AD9}.Debug|Any CPU.ActiveCfg = Debug|Any CPU
		{8258DDCC-69CD-47B0-AEC2-13294DD61AD9}.Debug|Any CPU.Build.0 = Debug|Any CPU
		{8258DDCC-69CD-47B0-AEC2-13294DD61AD9}.Release|Any CPU.ActiveCfg = Release|Any CPU
		{8258DDCC-69CD-47B0-AEC2-13294DD61AD9}.Release|Any CPU.Build.0 = Release|Any CPU
	EndGlobalSection
	GlobalSection(SolutionProperties) = preSolution
		HideSolutionNode = FALSE
	EndGlobalSection
	GlobalSection(ExtensibilityGlobals) = postSolution
		SolutionGuid = {C97B6B68-36E4-4ED7-859F-B5007C18B498}
	EndGlobalSection
EndGlobal
